
Microsoft Visual Studio Solution File, Format Version 12.00
# Visual Studio Version 16
VisualStudioVersion = 16.0.31829.152
MinimumVisualStudioVersion = 10.0.40219.1
Project("{FAE04EC0-301F-11D3-BF4B-00C04F79EFBC}") = "WinFormNotifyFormExample", "WinFormNotifyFormExample\WinFormNotifyFormExample.csproj", "{91F9425F-0599-40B4-A43E-82A492659C7B}"
EndProject
Global
	GlobalSection(SolutionConfigurationPlatforms) = preSolution
		Debug|Any CPU = Debug|Any CPU
		Release|Any CPU = Release|Any CPU
	EndGlobalSection
	GlobalSection(ProjectConfigurationPlatforms) = postSolution
		{91F9425F-0599-40B4-A43E-82A492659C7B}.Debug|Any CPU.ActiveCfg = Debug|Any CPU
		{91F9425F-0599-40B4-A43E-82A492659C7B}.Debug|Any CPU.Build.0 = Debug|Any CPU
		{91F9425F-0599-40B4-A43E-82A492659C7B}.Release|Any CPU.ActiveCfg = Release|Any CPU
		{91F9425F-0599-40B4-A43E-82A492659C7B}.Release|Any CPU.Build.0 = Release|Any CPU
	EndGlobalSection
	GlobalSection(SolutionProperties) = preSolution
		HideSolutionNode = FALSE
	EndGlobalSection
	GlobalSection(ExtensibilityGlobals) = postSolution
		SolutionGuid = {35E0792D-6C8C-4941-98F9-3A9558473B66}
	EndGlobalSection
EndGlobal
